
Microsoft Visual Studio Solution File, Format Version 12.00
# Visual Studio 14
VisualStudioVersion = 14.0.25420.1
MinimumVisualStudioVersion = 10.0.40219.1
Project("{8BC9CEB8-8B4A-11D0-8D11-00A0C91BC942}") = "Variables", "Variables\Variables.vcxproj", "{6EE951A9-1705-4954-830D-EB07B5E68AC3}"
EndProject
Project("{8BC9CEB8-8B4A-11D0-8D11-00A0C91BC942}") = "NumberSwap", "NumberSwap\NumberSwap.vcxproj", "{ADC18FA3-5243-4374-8319-E67342F2F962}"
EndProject
Project("{8BC9CEB8-8B4A-11D0-8D11-00A0C91BC942}") = "Letter Average", "Letter Average\Letter Average.vcxproj", "{9DD5C285-56BC-443D-8831-DF3AD03074EC}"
EndProject
Project("{8BC9CEB8-8B4A-11D0-8D11-00A0C91BC942}") = "Conditional Statements", "Conditional Statements\Conditional Statements.vcxproj", "{9F74A637-9106-4890-AAE4-DF06D678EED0}"
EndProject
Project("{8BC9CEB8-8B4A-11D0-8D11-00A0C91BC942}") = "Loops", "Loops\Loops.vcxproj", "{BBEC7E67-22AC-466A-9816-467A7BDCA0FA}"
EndProject
Project("{8BC9CEB8-8B4A-11D0-8D11-00A0C91BC942}") = "Arrays", "Arrays\Arrays.vcxproj", "{B894C481-5996-4D98-8BEF-9FE6D41052C8}"
EndProject
Project("{8BC9CEB8-8B4A-11D0-8D11-00A0C91BC942}") = "Competition", "Competition\Competition.vcxproj", "{D9222B34-779F-41CD-BCA2-DD224F75433F}"
EndProject
Global
	GlobalSection(SolutionConfigurationPlatforms) = preSolution
		Debug|x64 = Debug|x64
		Debug|x86 = Debug|x86
		Release|x64 = Release|x64
		Release|x86 = Release|x86
	EndGlobalSection
	GlobalSection(ProjectConfigurationPlatforms) = postSolution
		{6EE951A9-1705-4954-830D-EB07B5E68AC3}.Debug|x64.ActiveCfg = Debug|x64
		{6EE951A9-1705-4954-830D-EB07B5E68AC3}.Debug|x64.Build.0 = Debug|x64
		{6EE951A9-1705-4954-830D-EB07B5E68AC3}.Debug|x86.ActiveCfg = Debug|Win32
		{6EE951A9-1705-4954-830D-EB07B5E68AC3}.Debug|x86.Build.0 = Debug|Win32
		{6EE951A9-1705-4954-830D-EB07B5E68AC3}.Release|x64.ActiveCfg = Release|x64
		{6EE951A9-1705-4954-830D-EB07B5E68AC3}.Release|x64.Build.0 = Release|x64
		{6EE951A9-1705-4954-830D-EB07B5E68AC3}.Release|x86.ActiveCfg = Release|Win32
		{6EE951A9-1705-4954-830D-EB07B5E68AC3}.Release|x86.Build.0 = Release|Win32
		{ADC18FA3-5243-4374-8319-E67342F2F962}.Debug|x64.ActiveCfg = Debug|x64
		{ADC18FA3-5243-4374-8319-E67342F2F962}.Debug|x64.Build.0 = Debug|x64
		{ADC18FA3-5243-4374-8319-E67342F2F962}.Debug|x86.ActiveCfg = Debug|Win32
		{ADC18FA3-5243-4374-8319-E67342F2F962}.Debug|x86.Build.0 = Debug|Win32
		{ADC18FA3-5243-4374-8319-E67342F2F962}.Release|x64.ActiveCfg = Release|x64
		{ADC18FA3-5243-4374-8319-E67342F2F962}.Release|x64.Build.0 = Release|x64
		{ADC18FA3-5243-4374-8319-E67342F2F962}.Release|x86.ActiveCfg = Release|Win32
		{ADC18FA3-5243-4374-8319-E67342F2F962}.Release|x86.Build.0 = Release|Win32
		{9DD5C285-56BC-443D-8831-DF3AD03074EC}.Debug|x64.ActiveCfg = Debug|x64
		{9DD5C285-56BC-443D-8831-DF3AD03074EC}.Debug|x64.Build.0 = Debug|x64
		{9DD5C285-56BC-443D-8831-DF3AD03074EC}.Debug|x86.ActiveCfg = Debug|Win32
		{9DD5C285-56BC-443D-8831-DF3AD03074EC}.Debug|x86.Build.0 = Debug|Win32
		{9DD5C285-56BC-443D-8831-DF3AD03074EC}.Release|x64.ActiveCfg = Release|x64
		{9DD5C285-56BC-443D-8831-DF3AD03074EC}.Release|x64.Build.0 = Release|x64
		{9DD5C285-56BC-443D-8831-DF3AD03074EC}.Release|x86.ActiveCfg = Release|Win32
		{9DD5C285-56BC-443D-8831-DF3AD03074EC}.Release|x86.Build.0 = Release|Win32
		{9F74A637-9106-4890-AAE4-DF06D678EED0}.Debug|x64.ActiveCfg = Debug|x64
		{9F74A637-9106-4890-AAE4-DF06D678EED0}.Debug|x64.Build.0 = Debug|x64
		{9F74A637-9106-4890-AAE4-DF06D678EED0}.Debug|x86.ActiveCfg = Debug|Win32
		{9F74A637-9106-4890-AAE4-DF06D678EED0}.Debug|x86.Build.0 = Debug|Win32
		{9F74A637-9106-4890-AAE4-DF06D678EED0}.Release|x64.ActiveCfg = Release|x64
		{9F74A637-9106-4890-AAE4-DF06D678EED0}.Release|x64.Build.0 = Release|x64
		{9F74A637-9106-4890-AAE4-DF06D678EED0}.Release|x86.ActiveCfg = Release|Win32
		{9F74A637-9106-4890-AAE4-DF06D678EED0}.Release|x86.Build.0 = Release|Win32
		{BBEC7E67-22AC-466A-9816-467A7BDCA0FA}.Debug|x64.ActiveCfg = Debug|x64
		{BBEC7E67-22AC-466A-9816-467A7BDCA0FA}.Debug|x64.Build.0 = Debug|x64
		{BBEC7E67-22AC-466A-9816-467A7BDCA0FA}.Debug|x86.ActiveCfg = Debug|Win32
		{BBEC7E67-22AC-466A-9816-467A7BDCA0FA}.Debug|x86.Build.0 = Debug|Win32
		{BBEC7E67-22AC-466A-9816-467A7BDCA0FA}.Release|x64.ActiveCfg = Release|x64
		{BBEC7E67-22AC-466A-9816-467A7BDCA0FA}.Release|x64.Build.0 = Release|x64
		{BBEC7E67-22AC-466A-9816-467A7BDCA0FA}.Release|x86.ActiveCfg = Release|Win32
		{BBEC7E67-22AC-466A-9816-467A7BDCA0FA}.Release|x86.Build.0 = Release|Win32
		{B894C481-5996-4D98-8BEF-9FE6D41052C8}.Debug|x64.ActiveCfg = Debug|x64
		{B894C481-5996-4D98-8BEF-9FE6D41052C8}.Debug|x64.Build.0 = Debug|x64
		{B894C481-5996-4D98-8BEF-9FE6D41052C8}.Debug|x86.ActiveCfg = Debug|Win32
		{B894C481-5996-4D98-8BEF-9FE6D41052C8}.Debug|x86.Build.0 = Debug|Win32
		{B894C481-5996-4D98-8BEF-9FE6D41052C8}.Release|x64.ActiveCfg = Release|x64
		{B894C481-5996-4D98-8BEF-9FE6D41052C8}.Release|x64.Build.0 = Release|x64
		{B894C481-5996-4D98-8BEF-9FE6D41052C8}.Release|x86.ActiveCfg = Release|Win32
		{B894C481-5996-4D98-8BEF-9FE6D41052C8}.Release|x86.Build.0 = Release|Win32
		{D9222B34-779F-41CD-BCA2-DD224F75433F}.Debug|x64.ActiveCfg = Debug|x64
		{D9222B34-779F-41CD-BCA2-DD224F75433F}.Debug|x64.Build.0 = Debug|x64
		{D9222B34-779F-41CD-BCA2-DD224F75433F}.Debug|x86.ActiveCfg = Debug|Win32
		{D9222B34-779F-41CD-BCA2-DD224F75433F}.Debug|x86.Build.0 = Debug|Win32
		{D9222B34-779F-41CD-BCA2-DD224F75433F}.Release|x64.ActiveCfg = Release|x64
		{D9222B34-779F-41CD-BCA2-DD224F75433F}.Release|x64.Build.0 = Release|x64
		{D9222B34-779F-41CD-BCA2-DD224F75433F}.Release|x86.ActiveCfg = Release|Win32
		{D9222B34-779F-41CD-BCA2-DD224F75433F}.Release|x86.Build.0 = Release|Win32
	EndGlobalSection
	GlobalSection(SolutionProperties) = preSolution
		HideSolutionNode = FALSE
	EndGlobalSection
EndGlobal
